{
  "name": "CS458FinalProject",
  "lockfileVersion": 2,
  "requires": true,
  "packages": {
    "": {
      "dependencies": {
        "@openzeppelin/contracts": "^4.6.0",
        "safemath": "^1.0.6"
      }
    },
    "node_modules/@openzeppelin/contracts": {
      "version": "4.6.0",
      "resolved": "https://registry.npmjs.org/@openzeppelin/contracts/-/contracts-4.6.0.tgz",
      "integrity": "sha512-8vi4d50NNya/bQqCmaVzvHNmwHvS0OBKb7HNtuNwEE3scXWrP31fKQoGxNMT+KbzmrNZzatE3QK5p2gFONI/hg=="
    },
    "node_modules/safemath": {
      "version": "1.0.6",
      "resolved": "https://registry.npmjs.org/safemath/-/safemath-1.0.6.tgz",
      "integrity": "sha512-5FxS6jvR0MIqNcts1JuqJO1A/GiqtTyka2pezPS50xw0BNrTp5qw13uv97OF4PGsOHXuau5Xzv1sTMX8N5dJNQ=="
    }
  },
  "dependencies": {
    "@openzeppelin/contracts": {
      "version": "4.6.0",
      "resolved": "https://registry.npmjs.org/@openzeppelin/contracts/-/contracts-4.6.0.tgz",
      "integrity": "sha512-8vi4d50NNya/bQqCmaVzvHNmwHvS0OBKb7HNtuNwEE3scXWrP31fKQoGxNMT+KbzmrNZzatE3QK5p2gFONI/hg=="
    },
    "safemath": {
      "version": "1.0.6",
      "resolved": "https://registry.npmjs.org/safemath/-/safemath-1.0.6.tgz",
      "integrity": "sha512-5FxS6jvR0MIqNcts1JuqJO1A/GiqtTyka2pezPS50xw0BNrTp5qw13uv97OF4PGsOHXuau5Xzv1sTMX8N5dJNQ=="
    }
  }
}
